
Microsoft Visual Studio Solution File, Format Version 12.00
# Visual Studio Version 17
VisualStudioVersion = 17.2.32526.322
MinimumVisualStudioVersion = 10.0.40219.1
Project("{FAE04EC0-301F-11D3-BF4B-00C04F79EFBC}") = "TrackingApi", "TrackingApi\TrackingApi.csproj", "{A5B65F96-AC18-4252-BD9B-BF9C58559761}"
EndProject
Global
	GlobalSection(SolutionConfigurationPlatforms) = preSolution
		Debug|Any CPU = Debug|Any CPU
		Release|Any CPU = Release|Any CPU
	EndGlobalSection
	GlobalSection(ProjectConfigurationPlatforms) = postSolution
		{A5B65F96-AC18-4252-BD9B-BF9C58559761}.Debug|Any CPU.ActiveCfg = Debug|Any CPU
		{A5B65F96-AC18-4252-BD9B-BF9C58559761}.Debug|Any CPU.Build.0 = Debug|Any CPU
		{A5B65F96-AC18-4252-BD9B-BF9C58559761}.Release|Any CPU.ActiveCfg = Release|Any CPU
		{A5B65F96-AC18-4252-BD9B-BF9C58559761}.Release|Any CPU.Build.0 = Release|Any CPU
	EndGlobalSection
	GlobalSection(SolutionProperties) = preSolution
		HideSolutionNode = FALSE
	EndGlobalSection
	GlobalSection(ExtensibilityGlobals) = postSolution
		SolutionGuid = {803D8764-5EF8-45A6-9A38-9948B81F4E06}
	EndGlobalSection
EndGlobal
